
Microsoft Visual Studio Solution File, Format Version 12.00
# Visual Studio Version 16
VisualStudioVersion = 25.0.1703.8
MinimumVisualStudioVersion = 10.0.40219.1
Project("{FAE04EC0-301F-11D3-BF4B-00C04F79EFBC}") = "IntVariables", "IntVariables\IntVariables.csproj", "{531E470F-6D60-4BD9-B0A4-3B0416A7415B}"
EndProject
Global
	GlobalSection(SolutionConfigurationPlatforms) = preSolution
		Debug|Any CPU = Debug|Any CPU
		Release|Any CPU = Release|Any CPU
	EndGlobalSection
	GlobalSection(ProjectConfigurationPlatforms) = postSolution
		{531E470F-6D60-4BD9-B0A4-3B0416A7415B}.Debug|Any CPU.ActiveCfg = Debug|Any CPU
		{531E470F-6D60-4BD9-B0A4-3B0416A7415B}.Debug|Any CPU.Build.0 = Debug|Any CPU
		{531E470F-6D60-4BD9-B0A4-3B0416A7415B}.Release|Any CPU.ActiveCfg = Release|Any CPU
		{531E470F-6D60-4BD9-B0A4-3B0416A7415B}.Release|Any CPU.Build.0 = Release|Any CPU
	EndGlobalSection
	GlobalSection(SolutionProperties) = preSolution
		HideSolutionNode = FALSE
	EndGlobalSection
	GlobalSection(ExtensibilityGlobals) = postSolution
		SolutionGuid = {DD1D24B6-26DE-4FCF-8854-35D2C8EE11F0}
	EndGlobalSection
EndGlobal
